
Microsoft Visual Studio Solution File, Format Version 12.00
# Visual Studio Version 16
VisualStudioVersion = 16.0.32802.440
MinimumVisualStudioVersion = 10.0.40219.1
Project("{FAE04EC0-301F-11D3-BF4B-00C04F79EFBC}") = "ExerciceComposition", "ExerciceComposition\ExerciceComposition.csproj", "{6618B4D3-5FB0-4152-AC92-9F8391E3CC89}"
EndProject
Global
	GlobalSection(SolutionConfigurationPlatforms) = preSolution
		Debug|Any CPU = Debug|Any CPU
		Release|Any CPU = Release|Any CPU
	EndGlobalSection
	GlobalSection(ProjectConfigurationPlatforms) = postSolution
		{6618B4D3-5FB0-4152-AC92-9F8391E3CC89}.Debug|Any CPU.ActiveCfg = Debug|Any CPU
		{6618B4D3-5FB0-4152-AC92-9F8391E3CC89}.Debug|Any CPU.Build.0 = Debug|Any CPU
		{6618B4D3-5FB0-4152-AC92-9F8391E3CC89}.Release|Any CPU.ActiveCfg = Release|Any CPU
		{6618B4D3-5FB0-4152-AC92-9F8391E3CC89}.Release|Any CPU.Build.0 = Release|Any CPU
	EndGlobalSection
	GlobalSection(SolutionProperties) = preSolution
		HideSolutionNode = FALSE
	EndGlobalSection
	GlobalSection(ExtensibilityGlobals) = postSolution
		SolutionGuid = {536C0694-E07E-42F5-9B51-0A8EE63EDC2A}
	EndGlobalSection
EndGlobal
